// !$*UTF8*$!
{
	archiveVersion = 1;
	classes = {
	};
	objectVersion = 50;
	objects = {

/* Begin PBXBuildFile section */
		40610148259B476900D6CC6B /* AppDelegate.swift in Sources */ = {isa = PBXBuildFile; fileRef = 40610147259B476900D6CC6B /* AppDelegate.swift */; };
		4061014A259B476900D6CC6B /* SceneDelegate.swift in Sources */ = {isa = PBXBuildFile; fileRef = 40610149259B476900D6CC6B /* SceneDelegate.swift */; };
		40610151259B476B00D6CC6B /* Assets.xcassets in Resources */ = {isa = PBXBuildFile; fileRef = 40610150259B476B00D6CC6B /* Assets.xcassets */; };
		40610154259B476B00D6CC6B /* LaunchScreen.storyboard in Resources */ = {isa = PBXBuildFile; fileRef = 40610152259B476B00D6CC6B /* LaunchScreen.storyboard */; };
		40610167259B484E00D6CC6B /* ThemeChooserVC.swift in Sources */ = {isa = PBXBuildFile; fileRef = 40610160259B484E00D6CC6B /* ThemeChooserVC.swift */; };
		40610168259B484E00D6CC6B /* ConcentrationVC.swift in Sources */ = {isa = PBXBuildFile; fileRef = 40610161259B484E00D6CC6B /* ConcentrationVC.swift */; };
		40610169259B484E00D6CC6B /* Main.storyboard in Resources */ = {isa = PBXBuildFile; fileRef = 40610162259B484E00D6CC6B /* Main.storyboard */; };
		4061016A259B484E00D6CC6B /* Concentration.swift in Sources */ = {isa = PBXBuildFile; fileRef = 40610164259B484E00D6CC6B /* Concentration.swift */; };
		4061016B259B484E00D6CC6B /* ConcentrationCard.swift in Sources */ = {isa = PBXBuildFile; fileRef = 40610165259B484E00D6CC6B /* ConcentrationCard.swift */; };
		4061016C259B484E00D6CC6B /* Theme.swift in Sources */ = {isa = PBXBuildFile; fileRef = 40610166259B484E00D6CC6B /* Theme.swift */; };
		40610172259B48A400D6CC6B /* Int+Ext.swift in Sources */ = {isa = PBXBuildFile; fileRef = 40610171259B48A400D6CC6B /* Int+Ext.swift */; };
		40B1E376259B4B4A0070787E /* GameOfSetVC.swift in Sources */ = {isa = PBXBuildFile; fileRef = 40B1E36A259B4B4A0070787E /* GameOfSetVC.swift */; };
		40B1E377259B4B4A0070787E /* Constants.swift in Sources */ = {isa = PBXBuildFile; fileRef = 40B1E36B259B4B4A0070787E /* Constants.swift */; };
		40B1E378259B4B4A0070787E /* CardView.swift in Sources */ = {isa = PBXBuildFile; fileRef = 40B1E36D259B4B4A0070787E /* CardView.swift */; };
		40B1E379259B4B4A0070787E /* CardsGridView.swift in Sources */ = {isa = PBXBuildFile; fileRef = 40B1E36E259B4B4A0070787E /* CardsGridView.swift */; };
		40B1E37A259B4B4A0070787E /* Card.swift in Sources */ = {isa = PBXBuildFile; fileRef = 40B1E370259B4B4A0070787E /* Card.swift */; };
		40B1E37B259B4B4A0070787E /* SetForTwoPlayers.swift in Sources */ = {isa = PBXBuildFile; fileRef = 40B1E371259B4B4A0070787E /* SetForTwoPlayers.swift */; };
		40B1E37C259B4B4A0070787E /* Grid.swift in Sources */ = {isa = PBXBuildFile; fileRef = 40B1E372259B4B4A0070787E /* Grid.swift */; };
		40B1E37D259B4B4A0070787E /* GlowType.swift in Sources */ = {isa = PBXBuildFile; fileRef = 40B1E373259B4B4A0070787E /* GlowType.swift */; };
		40B1E37E259B4B4A0070787E /* CardBehavior.swift in Sources */ = {isa = PBXBuildFile; fileRef = 40B1E374259B4B4A0070787E /* CardBehavior.swift */; };
		40B1E37F259B4B4A0070787E /* GameOfSet.swift in Sources */ = {isa = PBXBuildFile; fileRef = 40B1E375259B4B4A0070787E /* GameOfSet.swift */; };
		40B1E388259B4B520070787E /* CGPoint+Ext.swift in Sources */ = {isa = PBXBuildFile; fileRef = 40B1E382259B4B520070787E /* CGPoint+Ext.swift */; };
		40B1E389259B4B520070787E /* UIColor+Ext.swift in Sources */ = {isa = PBXBuildFile; fileRef = 40B1E383259B4B520070787E /* UIColor+Ext.swift */; };
		40B1E38A259B4B520070787E /* CGFloat+Ext.swift in Sources */ = {isa = PBXBuildFile; fileRef = 40B1E384259B4B520070787E /* CGFloat+Ext.swift */; };
		40B1E38B259B4B520070787E /* Array+Ext.swift in Sources */ = {isa = PBXBuildFile; fileRef = 40B1E385259B4B520070787E /* Array+Ext.swift */; };
		40B1E38C259B4B520070787E /* UIView+Ext.swift in Sources */ = {isa = PBXBuildFile; fileRef = 40B1E386259B4B520070787E /* UIView+Ext.swift */; };
		40B1E38D259B4B520070787E /* CGRect+Ext.swift in Sources */ = {isa = PBXBuildFile; fileRef = 40B1E387259B4B520070787E /* CGRect+Ext.swift */; };
		40B1E391259B541F0070787E /* Concentration.storyboard in Resources */ = {isa = PBXBuildFile; fileRef = 40B1E390259B541F0070787E /* Concentration.storyboard */; };
		40B1E394259B54360070787E /* Set.storyboard in Resources */ = {isa = PBXBuildFile; fileRef = 40B1E393259B54360070787E /* Set.storyboard */; };
/* End PBXBuildFile section */

/* Begin PBXFileReference section */
		40610144259B476900D6CC6B /* CS193pGames.app */ = {isa = PBXFileReference; explicitFileType = wrapper.application; includeInIndex = 0; path = CS193pGames.app; sourceTree = BUILT_PRODUCTS_DIR; };
		40610147259B476900D6CC6B /* AppDelegate.swift */ = {isa = PBXFileReference; lastKnownFileType = sourcecode.swift; path = AppDelegate.swift; sourceTree = "<group>"; };
		40610149259B476900D6CC6B /* SceneDelegate.swift */ = {isa = PBXFileReference; lastKnownFileType = sourcecode.swift; path = SceneDelegate.swift; sourceTree = "<group>"; };
		40610150259B476B00D6CC6B /* Assets.xcassets */ = {isa = PBXFileReference; lastKnownFileType = folder.assetcatalog; path = Assets.xcassets; sourceTree = "<group>"; };
		40610153259B476B00D6CC6B /* Base */ = {isa = PBXFileReference; lastKnownFileType = file.storyboard; name = Base; path = Base.lproj/LaunchScreen.storyboard; sourceTree = "<group>"; };
		40610155259B476B00D6CC6B /* Info.plist */ = {isa = PBXFileReference; lastKnownFileType = text.plist.xml; path = Info.plist; sourceTree = "<group>"; };
		40610160259B484E00D6CC6B /* ThemeChooserVC.swift */ = {isa = PBXFileReference; fileEncoding = 4; lastKnownFileType = sourcecode.swift; path = ThemeChooserVC.swift; sourceTree = "<group>"; };
		40610161259B484E00D6CC6B /* ConcentrationVC.swift */ = {isa = PBXFileReference; fileEncoding = 4; lastKnownFileType = sourcecode.swift; path = ConcentrationVC.swift; sourceTree = "<group>"; };
		40610162259B484E00D6CC6B /* Main.storyboard */ = {isa = PBXFileReference; fileEncoding = 4; lastKnownFileType = file.storyboard; path = Main.storyboard; sourceTree = "<group>"; };
		40610164259B484E00D6CC6B /* Concentration.swift */ = {isa = PBXFileReference; fileEncoding = 4; lastKnownFileType = sourcecode.swift; path = Concentration.swift; sourceTree = "<group>"; };
		40610165259B484E00D6CC6B /* ConcentrationCard.swift */ = {isa = PBXFileReference; fileEncoding = 4; lastKnownFileType = sourcecode.swift; path = ConcentrationCard.swift; sourceTree = "<group>"; };
		40610166259B484E00D6CC6B /* Theme.swift */ = {isa = PBXFileReference; fileEncoding = 4; lastKnownFileType = sourcecode.swift; path = Theme.swift; sourceTree = "<group>"; };
		40610171259B48A400D6CC6B /* Int+Ext.swift */ = {isa = PBXFileReference; fileEncoding = 4; lastKnownFileType = sourcecode.swift; path = "Int+Ext.swift"; sourceTree = "<group>"; };
		40B1E36A259B4B4A0070787E /* GameOfSetVC.swift */ = {isa = PBXFileReference; fileEncoding = 4; lastKnownFileType = sourcecode.swift; path = GameOfSetVC.swift; sourceTree = "<group>"; };
		40B1E36B259B4B4A0070787E /* Constants.swift */ = {isa = PBXFileReference; fileEncoding = 4; lastKnownFileType = sourcecode.swift; path = Constants.swift; sourceTree = "<group>"; };
		40B1E36D259B4B4A0070787E /* CardView.swift */ = {isa = PBXFileReference; fileEncoding = 4; lastKnownFileType = sourcecode.swift; path = CardView.swift; sourceTree = "<group>"; };
		40B1E36E259B4B4A0070787E /* CardsGridView.swift */ = {isa = PBXFileReference; fileEncoding = 4; lastKnownFileType = sourcecode.swift; path = CardsGridView.swift; sourceTree = "<group>"; };
		40B1E370259B4B4A0070787E /* Card.swift */ = {isa = PBXFileReference; fileEncoding = 4; lastKnownFileType = sourcecode.swift; path = Card.swift; sourceTree = "<group>"; };
		40B1E371259B4B4A0070787E /* SetForTwoPlayers.swift */ = {isa = PBXFileReference; fileEncoding = 4; lastKnownFileType = sourcecode.swift; path = SetForTwoPlayers.swift; sourceTree = "<group>"; };
		40B1E372259B4B4A0070787E /* Grid.swift */ = {isa = PBXFileReference; fileEncoding = 4; lastKnownFileType = sourcecode.swift; path = Grid.swift; sourceTree = "<group>"; };
		40B1E373259B4B4A0070787E /* GlowType.swift */ = {isa = PBXFileReference; fileEncoding = 4; lastKnownFileType = sourcecode.swift; path = GlowType.swift; sourceTree = "<group>"; };
		40B1E374259B4B4A0070787E /* CardBehavior.swift */ = {isa = PBXFileReference; fileEncoding = 4; lastKnownFileType = sourcecode.swift; path = CardBehavior.swift; sourceTree = "<group>"; };
		40B1E375259B4B4A0070787E /* GameOfSet.swift */ = {isa = PBXFileReference; fileEncoding = 4; lastKnownFileType = sourcecode.swift; path = GameOfSet.swift; sourceTree = "<group>"; };
		40B1E382259B4B520070787E /* CGPoint+Ext.swift */ = {isa = PBXFileReference; fileEncoding = 4; lastKnownFileType = sourcecode.swift; path = "CGPoint+Ext.swift"; sourceTree = "<group>"; };
		40B1E383259B4B520070787E /* UIColor+Ext.swift */ = {isa = PBXFileReference; fileEncoding = 4; lastKnownFileType = sourcecode.swift; path = "UIColor+Ext.swift"; sourceTree = "<group>"; };
		40B1E384259B4B520070787E /* CGFloat+Ext.swift */ = {isa = PBXFileReference; fileEncoding = 4; lastKnownFileType = sourcecode.swift; path = "CGFloat+Ext.swift"; sourceTree = "<group>"; };
		40B1E385259B4B520070787E /* Array+Ext.swift */ = {isa = PBXFileReference; fileEncoding = 4; lastKnownFileType = sourcecode.swift; path = "Array+Ext.swift"; sourceTree = "<group>"; };
		40B1E386259B4B520070787E /* UIView+Ext.swift */ = {isa = PBXFileReference; fileEncoding = 4; lastKnownFileType = sourcecode.swift; path = "UIView+Ext.swift"; sourceTree = "<group>"; };
		40B1E387259B4B520070787E /* CGRect+Ext.swift */ = {isa = PBXFileReference; fileEncoding = 4; lastKnownFileType = sourcecode.swift; path = "CGRect+Ext.swift"; sourceTree = "<group>"; };
		40B1E390259B541F0070787E /* Concentration.storyboard */ = {isa = PBXFileReference; fileEncoding = 4; lastKnownFileType = file.storyboard; path = Concentration.storyboard; sourceTree = "<group>"; };
		40B1E393259B54360070787E /* Set.storyboard */ = {isa = PBXFileReference; fileEncoding = 4; lastKnownFileType = file.storyboard; path = Set.storyboard; sourceTree = "<group>"; };
/* End PBXFileReference section */

/* Begin PBXFrameworksBuildPhase section */
		40610141259B476900D6CC6B /* Frameworks */ = {
			isa = PBXFrameworksBuildPhase;
			buildActionMask = 2147483647;
			files = (
			);
			runOnlyForDeploymentPostprocessing = 0;
		};
/* End PBXFrameworksBuildPhase section */

/* Begin PBXGroup section */
		4061013B259B476900D6CC6B = {
			isa = PBXGroup;
			children = (
				40610146259B476900D6CC6B /* CS193pGames */,
				40610145259B476900D6CC6B /* Products */,
			);
			sourceTree = "<group>";
		};
		40610145259B476900D6CC6B /* Products */ = {
			isa = PBXGroup;
			children = (
				40610144259B476900D6CC6B /* CS193pGames.app */,
			);
			name = Products;
			sourceTree = "<group>";
		};
		40610146259B476900D6CC6B /* CS193pGames */ = {
			isa = PBXGroup;
			children = (
				40610162259B484E00D6CC6B /* Main.storyboard */,
				40B1E369259B4B310070787E /* Set */,
				4061016E259B485500D6CC6B /* Concentration */,
				40610150259B476B00D6CC6B /* Assets.xcassets */,
				4061015E259B47E900D6CC6B /* Supporting files */,
				40610155259B476B00D6CC6B /* Info.plist */,
			);
			path = CS193pGames;
			sourceTree = "<group>";
		};
		4061015E259B47E900D6CC6B /* Supporting files */ = {
			isa = PBXGroup;
			children = (
				40610147259B476900D6CC6B /* AppDelegate.swift */,
				40610149259B476900D6CC6B /* SceneDelegate.swift */,
				40610152259B476B00D6CC6B /* LaunchScreen.storyboard */,
			);
			path = "Supporting files";
			sourceTree = "<group>";
		};
		4061015F259B484E00D6CC6B /* View Controllers */ = {
			isa = PBXGroup;
			children = (
				40610160259B484E00D6CC6B /* ThemeChooserVC.swift */,
				40610161259B484E00D6CC6B /* ConcentrationVC.swift */,
			);
			path = "View Controllers";
			sourceTree = "<group>";
		};
		40610163259B484E00D6CC6B /* Models */ = {
			isa = PBXGroup;
			children = (
				40610164259B484E00D6CC6B /* Concentration.swift */,
				40610165259B484E00D6CC6B /* ConcentrationCard.swift */,
				40610166259B484E00D6CC6B /* Theme.swift */,
			);
			path = Models;
			sourceTree = "<group>";
		};
		4061016E259B485500D6CC6B /* Concentration */ = {
			isa = PBXGroup;
			children = (
				40B1E390259B541F0070787E /* Concentration.storyboard */,
				40610163259B484E00D6CC6B /* Models */,
				4061015F259B484E00D6CC6B /* View Controllers */,
				40610170259B488F00D6CC6B /* Extensions */,
			);
			path = Concentration;
			sourceTree = "<group>";
		};
		40610170259B488F00D6CC6B /* Extensions */ = {
			isa = PBXGroup;
			children = (
				40610171259B48A400D6CC6B /* Int+Ext.swift */,
			);
			path = Extensions;
			sourceTree = "<group>";
		};
		40B1E369259B4B310070787E /* Set */ = {
			isa = PBXGroup;
			children = (
				40B1E393259B54360070787E /* Set.storyboard */,
				40B1E36A259B4B4A0070787E /* GameOfSetVC.swift */,
				40B1E36F259B4B4A0070787E /* Game Models */,
				40B1E397259B5B610070787E /* UI Models */,
				40B1E36C259B4B4A0070787E /* Views */,
				40B1E381259B4B520070787E /* Extensions */,
				40B1E36B259B4B4A0070787E /* Constants.swift */,
			);
			path = Set;
			sourceTree = "<group>";
		};
		40B1E36C259B4B4A0070787E /* Views */ = {
			isa = PBXGroup;
			children = (
				40B1E36D259B4B4A0070787E /* CardView.swift */,
				40B1E36E259B4B4A0070787E /* CardsGridView.swift */,
			);
			path = Views;
			sourceTree = "<group>";
		};
		40B1E36F259B4B4A0070787E /* Game Models */ = {
			isa = PBXGroup;
			children = (
				40B1E370259B4B4A0070787E /* Card.swift */,
				40B1E375259B4B4A0070787E /* GameOfSet.swift */,
				40B1E371259B4B4A0070787E /* SetForTwoPlayers.swift */,
			);
			path = "Game Models";
			sourceTree = "<group>";
		};
		40B1E381259B4B520070787E /* Extensions */ = {
			isa = PBXGroup;
			children = (
				40B1E382259B4B520070787E /* CGPoint+Ext.swift */,
				40B1E383259B4B520070787E /* UIColor+Ext.swift */,
				40B1E384259B4B520070787E /* CGFloat+Ext.swift */,
				40B1E385259B4B520070787E /* Array+Ext.swift */,
				40B1E386259B4B520070787E /* UIView+Ext.swift */,
				40B1E387259B4B520070787E /* CGRect+Ext.swift */,
			);
			path = Extensions;
			sourceTree = "<group>";
		};
		40B1E397259B5B610070787E /* UI Models */ = {
			isa = PBXGroup;
			children = (
				40B1E372259B4B4A0070787E /* Grid.swift */,
				40B1E373259B4B4A0070787E /* GlowType.swift */,
				40B1E374259B4B4A0070787E /* CardBehavior.swift */,
			);
			path = "UI Models";
			sourceTree = "<group>";
		};
/* End PBXGroup section */

/* Begin PBXNativeTarget section */
		40610143259B476900D6CC6B /* CS193pGames */ = {
			isa = PBXNativeTarget;
			buildConfigurationList = 40610158259B476B00D6CC6B /* Build configuration list for PBXNativeTarget "CS193pGames" */;
			buildPhases = (
				40610140259B476900D6CC6B /* Sources */,
				40610141259B476900D6CC6B /* Frameworks */,
				40610142259B476900D6CC6B /* Resources */,
			);
			buildRules = (
			);
			dependencies = (
			);
			name = CS193pGames;
			productName = CS193pGames;
			productReference = 40610144259B476900D6CC6B /* CS193pGames.app */;
			productType = "com.apple.product-type.application";
		};
/* End PBXNativeTarget section */

/* Begin PBXProject section */
		4061013C259B476900D6CC6B /* Project object */ = {
			isa = PBXProject;
			attributes = {
				LastSwiftUpdateCheck = 1230;
				LastUpgradeCheck = 1230;
				TargetAttributes = {
					40610143259B476900D6CC6B = {
						CreatedOnToolsVersion = 12.3;
					};
				};
			};
			buildConfigurationList = 4061013F259B476900D6CC6B /* Build configuration list for PBXProject "CS193pGames" */;
			compatibilityVersion = "Xcode 9.3";
			developmentRegion = en;
			hasScannedForEncodings = 0;
			knownRegions = (
				en,
				Base,
			);
			mainGroup = 4061013B259B476900D6CC6B;
			productRefGroup = 40610145259B476900D6CC6B /* Products */;
			projectDirPath = "";
			projectRoot = "";
			targets = (
				40610143259B476900D6CC6B /* CS193pGames */,
			);
		};
/* End PBXProject section */

/* Begin PBXResourcesBuildPhase section */
		40610142259B476900D6CC6B /* Resources */ = {
			isa = PBXResourcesBuildPhase;
			buildActionMask = 2147483647;
			files = (
				40610169259B484E00D6CC6B /* Main.storyboard in Resources */,
				40610154259B476B00D6CC6B /* LaunchScreen.storyboard in Resources */,
				40B1E394259B54360070787E /* Set.storyboard in Resources */,
				40B1E391259B541F0070787E /* Concentration.storyboard in Resources */,
				40610151259B476B00D6CC6B /* Assets.xcassets in Resources */,
			);
			runOnlyForDeploymentPostprocessing = 0;
		};
/* End PBXResourcesBuildPhase section */

/* Begin PBXSourcesBuildPhase section */
		40610140259B476900D6CC6B /* Sources */ = {
			isa = PBXSourcesBuildPhase;
			buildActionMask = 2147483647;
			files = (
				40B1E37E259B4B4A0070787E /* CardBehavior.swift in Sources */,
				40610168259B484E00D6CC6B /* ConcentrationVC.swift in Sources */,
				4061016B259B484E00D6CC6B /* ConcentrationCard.swift in Sources */,
				4061016A259B484E00D6CC6B /* Concentration.swift in Sources */,
				40610148259B476900D6CC6B /* AppDelegate.swift in Sources */,
				40B1E37D259B4B4A0070787E /* GlowType.swift in Sources */,
				40B1E37A259B4B4A0070787E /* Card.swift in Sources */,
				40B1E379259B4B4A0070787E /* CardsGridView.swift in Sources */,
				4061014A259B476900D6CC6B /* SceneDelegate.swift in Sources */,
				40B1E388259B4B520070787E /* CGPoint+Ext.swift in Sources */,
				40B1E377259B4B4A0070787E /* Constants.swift in Sources */,
				40B1E37C259B4B4A0070787E /* Grid.swift in Sources */,
				40B1E38C259B4B520070787E /* UIView+Ext.swift in Sources */,
				40B1E38A259B4B520070787E /* CGFloat+Ext.swift in Sources */,
				40B1E376259B4B4A0070787E /* GameOfSetVC.swift in Sources */,
				40B1E38D259B4B520070787E /* CGRect+Ext.swift in Sources */,
				40610167259B484E00D6CC6B /* ThemeChooserVC.swift in Sources */,
				4061016C259B484E00D6CC6B /* Theme.swift in Sources */,
				40B1E378259B4B4A0070787E /* CardView.swift in Sources */,
				40B1E38B259B4B520070787E /* Array+Ext.swift in Sources */,
				40B1E37B259B4B4A0070787E /* SetForTwoPlayers.swift in Sources */,
				40B1E389259B4B520070787E /* UIColor+Ext.swift in Sources */,
				40610172259B48A400D6CC6B /* Int+Ext.swift in Sources */,
				40B1E37F259B4B4A0070787E /* GameOfSet.swift in Sources */,
			);
			runOnlyForDeploymentPostprocessing = 0;
		};
/* End PBXSourcesBuildPhase section */

/* Begin PBXVariantGroup section */
		40610152259B476B00D6CC6B /* LaunchScreen.storyboard */ = {
			isa = PBXVariantGroup;
			children = (
				40610153259B476B00D6CC6B /* Base */,
			);
			name = LaunchScreen.storyboard;
			sourceTree = "<group>";
		};
/* End PBXVariantGroup section */

/* Begin XCBuildConfiguration section */
		40610156259B476B00D6CC6B /* Debug */ = {
			isa = XCBuildConfiguration;
			buildSettings = {
				ALWAYS_SEARCH_USER_PATHS = NO;
				CLANG_ANALYZER_NONNULL = YES;
				CLANG_ANALYZER_NUMBER_OBJECT_CONVERSION = YES_AGGRESSIVE;
				CLANG_CXX_LANGUAGE_STANDARD = "gnu++14";
				CLANG_CXX_LIBRARY = "libc++";
				CLANG_ENABLE_MODULES = YES;
				CLANG_ENABLE_OBJC_ARC = YES;
				CLANG_ENABLE_OBJC_WEAK = YES;
				CLANG_WARN_BLOCK_CAPTURE_AUTORELEASING = YES;
				CLANG_WARN_BOOL_CONVERSION = YES;
				CLANG_WARN_COMMA = YES;
				CLANG_WARN_CONSTANT_CONVERSION = YES;
				CLANG_WARN_DEPRECATED_OBJC_IMPLEMENTATIONS = YES;
				CLANG_WARN_DIRECT_OBJC_ISA_USAGE = YES_ERROR;
				CLANG_WARN_DOCUMENTATION_COMMENTS = YES;
				CLANG_WARN_EMPTY_BODY = YES;
				CLANG_WARN_ENUM_CONVERSION = YES;
				CLANG_WARN_INFINITE_RECURSION = YES;
				CLANG_WARN_INT_CONVERSION = YES;
				CLANG_WARN_NON_LITERAL_NULL_CONVERSION = YES;
				CLANG_WARN_OBJC_IMPLICIT_RETAIN_SELF = YES;
				CLANG_WARN_OBJC_LITERAL_CONVERSION = YES;
				CLANG_WARN_OBJC_ROOT_CLASS = YES_ERROR;
				CLANG_WARN_QUOTED_INCLUDE_IN_FRAMEWORK_HEADER = YES;
				CLANG_WARN_RANGE_LOOP_ANALYSIS = YES;
				CLANG_WARN_STRICT_PROTOTYPES = YES;
				CLANG_WARN_SUSPICIOUS_MOVE = YES;
				CLANG_WARN_UNGUARDED_AVAILABILITY = YES_AGGRESSIVE;
				CLANG_WARN_UNREACHABLE_CODE = YES;
				CLANG_WARN__DUPLICATE_METHOD_MATCH = YES;
				COPY_PHASE_STRIP = NO;
				DEBUG_INFORMATION_FORMAT = dwarf;
				ENABLE_STRICT_OBJC_MSGSEND = YES;
				ENABLE_TESTABILITY = YES;
				GCC_C_LANGUAGE_STANDARD = gnu11;
				GCC_DYNAMIC_NO_PIC = NO;
				GCC_NO_COMMON_BLOCKS = YES;
				GCC_OPTIMIZATION_LEVEL = 0;
				GCC_PREPROCESSOR_DEFINITIONS = (
					"DEBUG=1",
					"$(inherited)",
				);
				GCC_WARN_64_TO_32_BIT_CONVERSION = YES;
				GCC_WARN_ABOUT_RETURN_TYPE = YES_ERROR;
				GCC_WARN_UNDECLARED_SELECTOR = YES;
				GCC_WARN_UNINITIALIZED_AUTOS = YES_AGGRESSIVE;
				GCC_WARN_UNUSED_FUNCTION = YES;
				GCC_WARN_UNUSED_VARIABLE = YES;
				IPHONEOS_DEPLOYMENT_TARGET = 14.3;
				MTL_ENABLE_DEBUG_INFO = INCLUDE_SOURCE;
				MTL_FAST_MATH = YES;
				ONLY_ACTIVE_ARCH = YES;
				SDKROOT = iphoneos;
				SWIFT_ACTIVE_COMPILATION_CONDITIONS = DEBUG;
				SWIFT_OPTIMIZATION_LEVEL = "-Onone";
			};
			name = Debug;
		};
		40610157259B476B00D6CC6B /* Release */ = {
			isa = XCBuildConfiguration;
			buildSettings = {
				ALWAYS_SEARCH_USER_PATHS = NO;
				CLANG_ANALYZER_NONNULL = YES;
				CLANG_ANALYZER_NUMBER_OBJECT_CONVERSION = YES_AGGRESSIVE;
				CLANG_CXX_LANGUAGE_STANDARD = "gnu++14";
				CLANG_CXX_LIBRARY = "libc++";
				CLANG_ENABLE_MODULES = YES;
				CLANG_ENABLE_OBJC_ARC = YES;
				CLANG_ENABLE_OBJC_WEAK = YES;
				CLANG_WARN_BLOCK_CAPTURE_AUTORELEASING = YES;
				CLANG_WARN_BOOL_CONVERSION = YES;
				CLANG_WARN_COMMA = YES;
				CLANG_WARN_CONSTANT_CONVERSION = YES;
				CLANG_WARN_DEPRECATED_OBJC_IMPLEMENTATIONS = YES;
				CLANG_WARN_DIRECT_OBJC_ISA_USAGE = YES_ERROR;
				CLANG_WARN_DOCUMENTATION_COMMENTS = YES;
				CLANG_WARN_EMPTY_BODY = YES;
				CLANG_WARN_ENUM_CONVERSION = YES;
				CLANG_WARN_INFINITE_RECURSION = YES;
				CLANG_WARN_INT_CONVERSION = YES;
				CLANG_WARN_NON_LITERAL_NULL_CONVERSION = YES;
				CLANG_WARN_OBJC_IMPLICIT_RETAIN_SELF = YES;
				CLANG_WARN_OBJC_LITERAL_CONVERSION = YES;
				CLANG_WARN_OBJC_ROOT_CLASS = YES_ERROR;
				CLANG_WARN_QUOTED_INCLUDE_IN_FRAMEWORK_HEADER = YES;
				CLANG_WARN_RANGE_LOOP_ANALYSIS = YES;
				CLANG_WARN_STRICT_PROTOTYPES = YES;
				CLANG_WARN_SUSPICIOUS_MOVE = YES;
				CLANG_WARN_UNGUARDED_AVAILABILITY = YES_AGGRESSIVE;
				CLANG_WARN_UNREACHABLE_CODE = YES;
				CLANG_WARN__DUPLICATE_METHOD_MATCH = YES;
				COPY_PHASE_STRIP = NO;
				DEBUG_INFORMATION_FORMAT = "dwarf-with-dsym";
				ENABLE_NS_ASSERTIONS = NO;
				ENABLE_STRICT_OBJC_MSGSEND = YES;
				GCC_C_LANGUAGE_STANDARD = gnu11;
				GCC_NO_COMMON_BLOCKS = YES;
				GCC_WARN_64_TO_32_BIT_CONVERSION = YES;
				GCC_WARN_ABOUT_RETURN_TYPE = YES_ERROR;
				GCC_WARN_UNDECLARED_SELECTOR = YES;
				GCC_WARN_UNINITIALIZED_AUTOS = YES_AGGRESSIVE;
				GCC_WARN_UNUSED_FUNCTION = YES;
				GCC_WARN_UNUSED_VARIABLE = YES;
				IPHONEOS_DEPLOYMENT_TARGET = 14.3;
				MTL_ENABLE_DEBUG_INFO = NO;
				MTL_FAST_MATH = YES;
				SDKROOT = iphoneos;
				SWIFT_COMPILATION_MODE = wholemodule;
				SWIFT_OPTIMIZATION_LEVEL = "-O";
				VALIDATE_PRODUCT = YES;
			};
			name = Release;
		};
		40610159259B476B00D6CC6B /* Debug */ = {
			isa = XCBuildConfiguration;
			buildSettings = {
				ASSETCATALOG_COMPILER_APPICON_NAME = AppIcon;
				ASSETCATALOG_COMPILER_GLOBAL_ACCENT_COLOR_NAME = AccentColor;
				CODE_SIGN_STYLE = Automatic;
				DEVELOPMENT_TEAM = 3Y322LSDU5;
				INFOPLIST_FILE = CS193pGames/Info.plist;
				LD_RUNPATH_SEARCH_PATHS = (
					"$(inherited)",
					"@executable_path/Frameworks",
				);
				PRODUCT_BUNDLE_IDENTIFIER = com.zm1capps.CS193pGames;
				PRODUCT_NAME = "$(TARGET_NAME)";
				SWIFT_VERSION = 5.0;
				TARGETED_DEVICE_FAMILY = "1,2";
			};
			name = Debug;
		};
		4061015A259B476B00D6CC6B /* Release */ = {
			isa = XCBuildConfiguration;
			buildSettings = {
				ASSETCATALOG_COMPILER_APPICON_NAME = AppIcon;
				ASSETCATALOG_COMPILER_GLOBAL_ACCENT_COLOR_NAME = AccentColor;
				CODE_SIGN_STYLE = Automatic;
				DEVELOPMENT_TEAM = 3Y322LSDU5;
				INFOPLIST_FILE = CS193pGames/Info.plist;
				LD_RUNPATH_SEARCH_PATHS = (
					"$(inherited)",
					"@executable_path/Frameworks",
				);
				PRODUCT_BUNDLE_IDENTIFIER = com.zm1capps.CS193pGames;
				PRODUCT_NAME = "$(TARGET_NAME)";
				SWIFT_VERSION = 5.0;
				TARGETED_DEVICE_FAMILY = "1,2";
			};
			name = Release;
		};
/* End XCBuildConfiguration section */

/* Begin XCConfigurationList section */
		4061013F259B476900D6CC6B /* Build configuration list for PBXProject "CS193pGames" */ = {
			isa = XCConfigurationList;
			buildConfigurations = (
				40610156259B476B00D6CC6B /* Debug */,
				40610157259B476B00D6CC6B /* Release */,
			);
			defaultConfigurationIsVisible = 0;
			defaultConfigurationName = Release;
		};
		40610158259B476B00D6CC6B /* Build configuration list for PBXNativeTarget "CS193pGames" */ = {
			isa = XCConfigurationList;
			buildConfigurations = (
				40610159259B476B00D6CC6B /* Debug */,
				4061015A259B476B00D6CC6B /* Release */,
			);
			defaultConfigurationIsVisible = 0;
			defaultConfigurationName = Release;
		};
/* End XCConfigurationList section */
	};
	rootObject = 4061013C259B476900D6CC6B /* Project object */;
}
